
Microsoft Visual Studio Solution File, Format Version 12.00
# Visual Studio Version 17
VisualStudioVersion = 17.9.34728.123
MinimumVisualStudioVersion = 10.0.40219.1
Project("{9A19103F-16F7-4668-BE54-9A1E7A4F7556}") = "SQLiteApplication", "SQLiteApplication.csproj", "{A241EF9D-E53A-442D-88BD-35319C5795E5}"
EndProject
Project("{9A19103F-16F7-4668-BE54-9A1E7A4F7556}") = "SQLiteIntegrationTest", "..\SQLiteIntegrationTest\SQLiteIntegrationTest.csproj", "{D122ACFD-AFF3-4F82-A6B4-F17ACDE6DA43}"
EndProject
Global
	GlobalSection(SolutionConfigurationPlatforms) = preSolution
		Debug|Any CPU = Debug|Any CPU
		Release|Any CPU = Release|Any CPU
	EndGlobalSection
	GlobalSection(ProjectConfigurationPlatforms) = postSolution
		{A241EF9D-E53A-442D-88BD-35319C5795E5}.Debug|Any CPU.ActiveCfg = Debug|Any CPU
		{A241EF9D-E53A-442D-88BD-35319C5795E5}.Debug|Any CPU.Build.0 = Debug|Any CPU
		{A241EF9D-E53A-442D-88BD-35319C5795E5}.Release|Any CPU.ActiveCfg = Release|Any CPU
		{A241EF9D-E53A-442D-88BD-35319C5795E5}.Release|Any CPU.Build.0 = Release|Any CPU
		{D122ACFD-AFF3-4F82-A6B4-F17ACDE6DA43}.Debug|Any CPU.ActiveCfg = Debug|Any CPU
		{D122ACFD-AFF3-4F82-A6B4-F17ACDE6DA43}.Debug|Any CPU.Build.0 = Debug|Any CPU
		{D122ACFD-AFF3-4F82-A6B4-F17ACDE6DA43}.Release|Any CPU.ActiveCfg = Release|Any CPU
		{D122ACFD-AFF3-4F82-A6B4-F17ACDE6DA43}.Release|Any CPU.Build.0 = Release|Any CPU
	EndGlobalSection
	GlobalSection(SolutionProperties) = preSolution
		HideSolutionNode = FALSE
	EndGlobalSection
	GlobalSection(ExtensibilityGlobals) = postSolution
		SolutionGuid = {D83E7BEC-52B4-4C3C-8C0A-A8C520BEDE34}
	EndGlobalSection
EndGlobal
